
Microsoft Visual Studio Solution File, Format Version 12.00
# Visual Studio Version 17
VisualStudioVersion = 17.2.32630.192
MinimumVisualStudioVersion = 10.0.40219.1
Project("{FAE04EC0-301F-11D3-BF4B-00C04F79EFBC}") = "LealPassword", "LealPassword\LealPassword.csproj", "{FFC86243-904D-487A-A609-F48D487CC77E}"
	ProjectSection(ProjectDependencies) = postProject
		{033C1471-6BFF-4BCC-9B4D-916D1271FCBD} = {033C1471-6BFF-4BCC-9B4D-916D1271FCBD}
		{40B6678F-58A5-4C45-A090-970B8756FE4B} = {40B6678F-58A5-4C45-A090-970B8756FE4B}
		{57562059-319C-473F-8A25-1F5634659CA0} = {57562059-319C-473F-8A25-1F5634659CA0}
	EndProjectSection
EndProject
Project("{FAE04EC0-301F-11D3-BF4B-00C04F79EFBC}") = "LealPassword.Diagnostics", "LealPassword.Diagnostics\LealPassword.Diagnostics.csproj", "{033C1471-6BFF-4BCC-9B4D-916D1271FCBD}"
EndProject
Project("{FAE04EC0-301F-11D3-BF4B-00C04F79EFBC}") = "LealPassword.Themes", "LealPassword.Themes\LealPassword.Themes.csproj", "{40B6678F-58A5-4C45-A090-970B8756FE4B}"
EndProject
Project("{FAE04EC0-301F-11D3-BF4B-00C04F79EFBC}") = "LealPassword.Database", "LealPassword.Database\LealPassword.Database.csproj", "{57562059-319C-473F-8A25-1F5634659CA0}"
EndProject
Project("{FAE04EC0-301F-11D3-BF4B-00C04F79EFBC}") = "LealPassword.Security", "LealPassword.Security\LealPassword.Security.csproj", "{1A0B8544-644A-48D7-BB22-01505AAB3CCE}"
EndProject
Project("{FAE04EC0-301F-11D3-BF4B-00C04F79EFBC}") = "LealPassword.API", "LealPassword.API\LealPassword.API.csproj", "{08CD9317-BD70-441A-86BD-50D990150BFC}"
EndProject
Global
	GlobalSection(SolutionConfigurationPlatforms) = preSolution
		Debug|Any CPU = Debug|Any CPU
		Release|Any CPU = Release|Any CPU
	EndGlobalSection
	GlobalSection(ProjectConfigurationPlatforms) = postSolution
		{FFC86243-904D-487A-A609-F48D487CC77E}.Debug|Any CPU.ActiveCfg = Debug|Any CPU
		{FFC86243-904D-487A-A609-F48D487CC77E}.Debug|Any CPU.Build.0 = Debug|Any CPU
		{FFC86243-904D-487A-A609-F48D487CC77E}.Release|Any CPU.ActiveCfg = Release|Any CPU
		{FFC86243-904D-487A-A609-F48D487CC77E}.Release|Any CPU.Build.0 = Release|Any CPU
		{033C1471-6BFF-4BCC-9B4D-916D1271FCBD}.Debug|Any CPU.ActiveCfg = Debug|Any CPU
		{033C1471-6BFF-4BCC-9B4D-916D1271FCBD}.Debug|Any CPU.Build.0 = Debug|Any CPU
		{033C1471-6BFF-4BCC-9B4D-916D1271FCBD}.Release|Any CPU.ActiveCfg = Release|Any CPU
		{033C1471-6BFF-4BCC-9B4D-916D1271FCBD}.Release|Any CPU.Build.0 = Release|Any CPU
		{40B6678F-58A5-4C45-A090-970B8756FE4B}.Debug|Any CPU.ActiveCfg = Debug|Any CPU
		{40B6678F-58A5-4C45-A090-970B8756FE4B}.Debug|Any CPU.Build.0 = Debug|Any CPU
		{40B6678F-58A5-4C45-A090-970B8756FE4B}.Release|Any CPU.ActiveCfg = Release|Any CPU
		{40B6678F-58A5-4C45-A090-970B8756FE4B}.Release|Any CPU.Build.0 = Release|Any CPU
		{57562059-319C-473F-8A25-1F5634659CA0}.Debug|Any CPU.ActiveCfg = Debug|Any CPU
		{57562059-319C-473F-8A25-1F5634659CA0}.Debug|Any CPU.Build.0 = Debug|Any CPU
		{57562059-319C-473F-8A25-1F5634659CA0}.Release|Any CPU.ActiveCfg = Release|Any CPU
		{57562059-319C-473F-8A25-1F5634659CA0}.Release|Any CPU.Build.0 = Release|Any CPU
		{1A0B8544-644A-48D7-BB22-01505AAB3CCE}.Debug|Any CPU.ActiveCfg = Debug|Any CPU
		{1A0B8544-644A-48D7-BB22-01505AAB3CCE}.Debug|Any CPU.Build.0 = Debug|Any CPU
		{1A0B8544-644A-48D7-BB22-01505AAB3CCE}.Release|Any CPU.ActiveCfg = Release|Any CPU
		{1A0B8544-644A-48D7-BB22-01505AAB3CCE}.Release|Any CPU.Build.0 = Release|Any CPU
		{08CD9317-BD70-441A-86BD-50D990150BFC}.Debug|Any CPU.ActiveCfg = Debug|Any CPU
		{08CD9317-BD70-441A-86BD-50D990150BFC}.Debug|Any CPU.Build.0 = Debug|Any CPU
		{08CD9317-BD70-441A-86BD-50D990150BFC}.Release|Any CPU.ActiveCfg = Release|Any CPU
		{08CD9317-BD70-441A-86BD-50D990150BFC}.Release|Any CPU.Build.0 = Release|Any CPU
	EndGlobalSection
	GlobalSection(SolutionProperties) = preSolution
		HideSolutionNode = FALSE
	EndGlobalSection
	GlobalSection(ExtensibilityGlobals) = postSolution
		SolutionGuid = {605965B4-67B3-421A-A431-AB7CD71C4C98}
	EndGlobalSection
EndGlobal
