
Microsoft Visual Studio Solution File, Format Version 12.00
# Visual Studio Version 17
VisualStudioVersion = 17.2.32630.192
MinimumVisualStudioVersion = 10.0.40219.1
Project("{FAE04EC0-301F-11D3-BF4B-00C04F79EFBC}") = "LealPassword", "LealPassword.Startup\LealPassword.csproj", "{FFC86243-904D-487A-A609-F48D487CC77E}"
	ProjectSection(ProjectDependencies) = postProject
		{033C1471-6BFF-4BCC-9B4D-916D1271FCBD} = {033C1471-6BFF-4BCC-9B4D-916D1271FCBD}
		{D18BDFE6-690C-4489-AEE0-95F289E47DF2} = {D18BDFE6-690C-4489-AEE0-95F289E47DF2}
	EndProjectSection
EndProject
Project("{FAE04EC0-301F-11D3-BF4B-00C04F79EFBC}") = "LealPassword.Diagnostics", "LealPassword.Diagnostics\LealPassword.Diagnostics.csproj", "{033C1471-6BFF-4BCC-9B4D-916D1271FCBD}"
EndProject
Project("{FAE04EC0-301F-11D3-BF4B-00C04F79EFBC}") = "LealPassword.UI", "LealPassword.UI\LealPassword.UI.csproj", "{D18BDFE6-690C-4489-AEE0-95F289E47DF2}"
	ProjectSection(ProjectDependencies) = postProject
		{033C1471-6BFF-4BCC-9B4D-916D1271FCBD} = {033C1471-6BFF-4BCC-9B4D-916D1271FCBD}
	EndProjectSection
EndProject
Global
	GlobalSection(SolutionConfigurationPlatforms) = preSolution
		Debug|Any CPU = Debug|Any CPU
		Release|Any CPU = Release|Any CPU
	EndGlobalSection
	GlobalSection(ProjectConfigurationPlatforms) = postSolution
		{FFC86243-904D-487A-A609-F48D487CC77E}.Debug|Any CPU.ActiveCfg = Debug|Any CPU
		{FFC86243-904D-487A-A609-F48D487CC77E}.Debug|Any CPU.Build.0 = Debug|Any CPU
		{FFC86243-904D-487A-A609-F48D487CC77E}.Release|Any CPU.ActiveCfg = Release|Any CPU
		{FFC86243-904D-487A-A609-F48D487CC77E}.Release|Any CPU.Build.0 = Release|Any CPU
		{033C1471-6BFF-4BCC-9B4D-916D1271FCBD}.Debug|Any CPU.ActiveCfg = Debug|Any CPU
		{033C1471-6BFF-4BCC-9B4D-916D1271FCBD}.Debug|Any CPU.Build.0 = Debug|Any CPU
		{033C1471-6BFF-4BCC-9B4D-916D1271FCBD}.Release|Any CPU.ActiveCfg = Release|Any CPU
		{033C1471-6BFF-4BCC-9B4D-916D1271FCBD}.Release|Any CPU.Build.0 = Release|Any CPU
		{D18BDFE6-690C-4489-AEE0-95F289E47DF2}.Debug|Any CPU.ActiveCfg = Debug|Any CPU
		{D18BDFE6-690C-4489-AEE0-95F289E47DF2}.Debug|Any CPU.Build.0 = Debug|Any CPU
		{D18BDFE6-690C-4489-AEE0-95F289E47DF2}.Release|Any CPU.ActiveCfg = Release|Any CPU
		{D18BDFE6-690C-4489-AEE0-95F289E47DF2}.Release|Any CPU.Build.0 = Release|Any CPU
	EndGlobalSection
	GlobalSection(SolutionProperties) = preSolution
		HideSolutionNode = FALSE
	EndGlobalSection
	GlobalSection(ExtensibilityGlobals) = postSolution
		SolutionGuid = {605965B4-67B3-421A-A431-AB7CD71C4C98}
	EndGlobalSection
EndGlobal
